{
  "version": 4,
  "terraform_version": "1.3.8",
  "serial": 85,
  "lineage": "05d1fc9d-f05b-3ddc-5377-467a77fe2d61",
  "outputs": {},
  "resources": [
    {
      "module": "module.compute",
      "mode": "managed",
      "type": "aws_instance",
      "name": "application",
      "provider": "provider[\"registry.terraform.io/hashicorp/aws\"]",
      "instances": [
        {
          "schema_version": 1,
          "attributes": {
            "ami": "ami-09cd747c78a9add63",
            "arn": "arn:aws:ec2:us-east-1:422097883691:instance/i-0e74e5842d83531eb",
            "associate_public_ip_address": false,
            "availability_zone": "us-east-1d",
            "capacity_reservation_specification": [
              {
                "capacity_reservation_preference": "open",
                "capacity_reservation_target": []
              }
            ],
            "cpu_core_count": 1,
            "cpu_threads_per_core": 1,
            "credit_specification": [
              {
                "cpu_credits": "standard"
              }
            ],
            "disable_api_stop": false,
            "disable_api_termination": false,
            "ebs_block_device": [],
            "ebs_optimized": false,
            "enclave_options": [
              {
                "enabled": false
              }
            ],
            "ephemeral_block_device": [],
            "get_password_data": false,
            "hibernation": false,
            "host_id": "",
            "host_resource_group_arn": null,
            "iam_instance_profile": "",
            "id": "i-0e74e5842d83531eb",
            "instance_initiated_shutdown_behavior": "stop",
            "instance_state": "running",
            "instance_type": "t2.micro",
            "ipv6_address_count": 0,
            "ipv6_addresses": [],
            "key_name": "terraform_key",
            "launch_template": [],
            "maintenance_options": [
              {
                "auto_recovery": "default"
              }
            ],
            "metadata_options": [
              {
                "http_endpoint": "enabled",
                "http_put_response_hop_limit": 1,
                "http_tokens": "optional",
                "instance_metadata_tags": "disabled"
              }
            ],
            "monitoring": false,
            "network_interface": [],
            "outpost_arn": "",
            "password_data": "",
            "placement_group": "",
            "placement_partition_number": 0,
            "primary_network_interface_id": "eni-05b27b5c23643de6c",
            "private_dns": "ip-10-0-2-128.ec2.internal",
            "private_dns_name_options": [
              {
                "enable_resource_name_dns_a_record": false,
                "enable_resource_name_dns_aaaa_record": false,
                "hostname_type": "ip-name"
              }
            ],
            "private_ip": "10.0.2.128",
            "public_dns": "",
            "public_ip": "",
            "root_block_device": [
              {
                "delete_on_termination": true,
                "device_name": "/dev/sda1",
                "encrypted": false,
                "iops": 100,
                "kms_key_id": "",
                "tags": {},
                "throughput": 0,
                "volume_id": "vol-0272b90e75cb13574",
                "volume_size": 8,
                "volume_type": "gp2"
              }
            ],
            "secondary_private_ips": [],
            "security_groups": [],
            "source_dest_check": true,
            "subnet_id": "subnet-0418192480a74c972",
            "tags": {
              "Name": "application"
            },
            "tags_all": {
              "Name": "application"
            },
            "tenancy": "default",
            "timeouts": null,
            "user_data": null,
            "user_data_base64": null,
            "user_data_replace_on_change": false,
            "volume_tags": null,
            "vpc_security_group_ids": [
              "sg-0a7cc4279e64204c9"
            ]
          },
          "sensitive_attributes": [],
          "private": "eyJlMmJmYjczMC1lY2FhLTExZTYtOGY4OC0zNDM2M2JjN2M0YzAiOnsiY3JlYXRlIjo2MDAwMDAwMDAwMDAsImRlbGV0ZSI6MTIwMDAwMDAwMDAwMCwidXBkYXRlIjo2MDAwMDAwMDAwMDB9LCJzY2hlbWFfdmVyc2lvbiI6IjEifQ==",
          "dependencies": [
            "module.compute.aws_security_group.sg2",
            "module.network.aws_subnet.private_subnet",
            "module.network.aws_vpc.terraform_vpc"
          ]
        }
      ]
    },
    {
      "module": "module.compute",
      "mode": "managed",
      "type": "aws_instance",
      "name": "bastion",
      "provider": "provider[\"registry.terraform.io/hashicorp/aws\"]",
      "instances": [
        {
          "schema_version": 1,
          "attributes": {
            "ami": "ami-09cd747c78a9add63",
            "arn": "arn:aws:ec2:us-east-1:422097883691:instance/i-0472b89dd08e9f38f",
            "associate_public_ip_address": true,
            "availability_zone": "us-east-1d",
            "capacity_reservation_specification": [
              {
                "capacity_reservation_preference": "open",
                "capacity_reservation_target": []
              }
            ],
            "cpu_core_count": 1,
            "cpu_threads_per_core": 1,
            "credit_specification": [
              {
                "cpu_credits": "standard"
              }
            ],
            "disable_api_stop": false,
            "disable_api_termination": false,
            "ebs_block_device": [],
            "ebs_optimized": false,
            "enclave_options": [
              {
                "enabled": false
              }
            ],
            "ephemeral_block_device": [],
            "get_password_data": false,
            "hibernation": false,
            "host_id": "",
            "host_resource_group_arn": null,
            "iam_instance_profile": "",
            "id": "i-0472b89dd08e9f38f",
            "instance_initiated_shutdown_behavior": "stop",
            "instance_state": "running",
            "instance_type": "t2.micro",
            "ipv6_address_count": 0,
            "ipv6_addresses": [],
            "key_name": "terraform_key",
            "launch_template": [],
            "maintenance_options": [
              {
                "auto_recovery": "default"
              }
            ],
            "metadata_options": [
              {
                "http_endpoint": "enabled",
                "http_put_response_hop_limit": 1,
                "http_tokens": "optional",
                "instance_metadata_tags": "disabled"
              }
            ],
            "monitoring": false,
            "network_interface": [],
            "outpost_arn": "",
            "password_data": "",
            "placement_group": "",
            "placement_partition_number": 0,
            "primary_network_interface_id": "eni-04c578fd2d1e03550",
            "private_dns": "ip-10-0-1-126.ec2.internal",
            "private_dns_name_options": [
              {
                "enable_resource_name_dns_a_record": false,
                "enable_resource_name_dns_aaaa_record": false,
                "hostname_type": "ip-name"
              }
            ],
            "private_ip": "10.0.1.126",
            "public_dns": "",
            "public_ip": "44.200.72.33",
            "root_block_device": [
              {
                "delete_on_termination": true,
                "device_name": "/dev/sda1",
                "encrypted": false,
                "iops": 100,
                "kms_key_id": "",
                "tags": {},
                "throughput": 0,
                "volume_id": "vol-093b29c39f91badd3",
                "volume_size": 8,
                "volume_type": "gp2"
              }
            ],
            "secondary_private_ips": [],
            "security_groups": [],
            "source_dest_check": true,
            "subnet_id": "subnet-0baddc98ddc8e5a33",
            "tags": {
              "Name": "bastion"
            },
            "tags_all": {
              "Name": "bastion"
            },
            "tenancy": "default",
            "timeouts": null,
            "user_data": null,
            "user_data_base64": null,
            "user_data_replace_on_change": false,
            "volume_tags": null,
            "vpc_security_group_ids": [
              "sg-038223117233ac4a4"
            ]
          },
          "sensitive_attributes": [],
          "private": "eyJlMmJmYjczMC1lY2FhLTExZTYtOGY4OC0zNDM2M2JjN2M0YzAiOnsiY3JlYXRlIjo2MDAwMDAwMDAwMDAsImRlbGV0ZSI6MTIwMDAwMDAwMDAwMCwidXBkYXRlIjo2MDAwMDAwMDAwMDB9LCJzY2hlbWFfdmVyc2lvbiI6IjEifQ==",
          "dependencies": [
            "module.compute.aws_security_group.sg1",
            "module.network.aws_subnet.public_subnet",
            "module.network.aws_vpc.terraform_vpc"
          ]
        }
      ]
    },
    {
      "module": "module.compute",
      "mode": "managed",
      "type": "aws_key_pair",
      "name": "terraform_key",
      "provider": "provider[\"registry.terraform.io/hashicorp/aws\"]",
      "instances": [
        {
          "schema_version": 1,
          "attributes": {
            "arn": "arn:aws:ec2:us-east-1:422097883691:key-pair/terraform_key",
            "fingerprint": "54:d2:a2:cb:a5:bf:e6:27:43:ab:3c:24:19:52:3e:28",
            "id": "terraform_key",
            "key_name": "terraform_key",
            "key_name_prefix": "",
            "key_pair_id": "key-01bc6d610e93aae0d",
            "key_type": "rsa",
            "public_key": "ssh-rsa AAAAB3NzaC1yc2EAAAADAQABAAACAQDi6di95mWSibaZ7Zts59fYFLXnMgfsfvBQxr6A55BeZWTp/o56bn2flr51SH6mA2LrGo9B0as/iywdKR4rink6itx9DFwFSCCeIclfE/BRHyWDiRxX2a1jvy9oWp6bgHaL+e9bWKR8vShZQejbuQPVPtMyrKovCEEH6bgEx4ImfnXoqyYP7xw/axeYrGYQL35l7itl/myygddTQqTNRkFly/1WDM5uAHcxQtiN7CRo9S0K3ivPm04Xj53Ub1MViPzZNOqRdzYUWdQW0EDMMiXwD4ZCbOgDkLYr7ZqfHHyhfViAi+vYbs+GlxDLHgoh0uVjMFLTNxDbAlAfSATnxbndo+L0L6qWAx8SHSxQoKf+n8bokAfCnfNvIrkD4BVc4UehIr1jm0X84F/1q7BHP/Gn4dWyqpAijvHtMvRibmh8tC0KC2r7c1UTV4kt0j210pO54QOb12YY4TpQOOXKxHi/CnUckFCfn31jafiIAzPmxrBB1CCsKIfqfY97lZSQW2zbQ5Yp4ejqYzsk5bo7L4869PiF11GcEvjYLqVJfyriTeVN/q8BBcE0DKQe1PrV/42wMbMZ8DTp6RnATCGvEb5Mm3vr+6JajqCiCcCrqD6LMKynSQeJ8oLpjETK5eoy4X1IHBTexRKlOsaM0a+gcpKb5nc2jZVyqZHC0GFQXErnJw==",
            "tags": null,
            "tags_all": {}
          },
          "sensitive_attributes": [],
          "private": "eyJzY2hlbWFfdmVyc2lvbiI6IjEifQ==",
          "dependencies": [
            "module.compute.tls_private_key.rsa"
          ]
        }
      ]
    },
    {
      "module": "module.compute",
      "mode": "managed",
      "type": "aws_security_group",
      "name": "sg1",
      "provider": "provider[\"registry.terraform.io/hashicorp/aws\"]",
      "instances": [
        {
          "schema_version": 1,
          "attributes": {
            "arn": "arn:aws:ec2:us-east-1:422097883691:security-group/sg-038223117233ac4a4",
            "description": "Managed by Terraform",
            "egress": [],
            "id": "sg-038223117233ac4a4",
            "ingress": [
              {
                "cidr_blocks": [
                  "0.0.0.0/0"
                ],
                "description": "",
                "from_port": 22,
                "ipv6_cidr_blocks": [],
                "prefix_list_ids": [],
                "protocol": "tcp",
                "security_groups": [],
                "self": false,
                "to_port": 22
              }
            ],
            "name": "allow_ssh",
            "name_prefix": "",
            "owner_id": "422097883691",
            "revoke_rules_on_delete": false,
            "tags": null,
            "tags_all": {},
            "timeouts": null,
            "vpc_id": "vpc-015b4acf410b0c9cd"
          },
          "sensitive_attributes": [],
          "private": "eyJlMmJmYjczMC1lY2FhLTExZTYtOGY4OC0zNDM2M2JjN2M0YzAiOnsiY3JlYXRlIjo2MDAwMDAwMDAwMDAsImRlbGV0ZSI6OTAwMDAwMDAwMDAwfSwic2NoZW1hX3ZlcnNpb24iOiIxIn0=",
          "dependencies": [
            "module.network.aws_vpc.terraform_vpc"
          ]
        }
      ]
    },
    {
      "module": "module.compute",
      "mode": "managed",
      "type": "aws_security_group",
      "name": "sg2",
      "provider": "provider[\"registry.terraform.io/hashicorp/aws\"]",
      "instances": [
        {
          "schema_version": 1,
          "attributes": {
            "arn": "arn:aws:ec2:us-east-1:422097883691:security-group/sg-0a7cc4279e64204c9",
            "description": "Managed by Terraform",
            "egress": [],
            "id": "sg-0a7cc4279e64204c9",
            "ingress": [
              {
                "cidr_blocks": [
                  "10.0.0.0/16"
                ],
                "description": "",
                "from_port": 22,
                "ipv6_cidr_blocks": [],
                "prefix_list_ids": [],
                "protocol": "tcp",
                "security_groups": [],
                "self": false,
                "to_port": 22
              },
              {
                "cidr_blocks": [
                  "10.0.0.0/16"
                ],
                "description": "",
                "from_port": 3000,
                "ipv6_cidr_blocks": [],
                "prefix_list_ids": [],
                "protocol": "tcp",
                "security_groups": [],
                "self": false,
                "to_port": 3000
              }
            ],
            "name": "allow_ssh_and_3000",
            "name_prefix": "",
            "owner_id": "422097883691",
            "revoke_rules_on_delete": false,
            "tags": null,
            "tags_all": {},
            "timeouts": null,
            "vpc_id": "vpc-015b4acf410b0c9cd"
          },
          "sensitive_attributes": [],
          "private": "eyJlMmJmYjczMC1lY2FhLTExZTYtOGY4OC0zNDM2M2JjN2M0YzAiOnsiY3JlYXRlIjo2MDAwMDAwMDAwMDAsImRlbGV0ZSI6OTAwMDAwMDAwMDAwfSwic2NoZW1hX3ZlcnNpb24iOiIxIn0=",
          "dependencies": [
            "module.network.aws_vpc.terraform_vpc"
          ]
        }
      ]
    },
    {
      "module": "module.compute",
      "mode": "managed",
      "type": "local_file",
      "name": "tf-key",
      "provider": "provider[\"registry.terraform.io/hashicorp/local\"]",
      "instances": [
        {
          "schema_version": 0,
          "attributes": {
            "content": "-----BEGIN RSA PRIVATE KEY-----\nMIIJKQIBAAKCAgEA4unYveZlkom2me2bbOfX2BS15zIH7H7wUMa+gOeQXmVk6f6O\nem59n5a+dUh+pgNi6xqPQdGrP4ssHSkeK4p5OorcfQxcBUggniHJXxPwUR8lg4kc\nV9mtY78vaFqem4B2i/nvW1ikfL0oWUHo27kD1T7TMqyqLwhBB+m4BMeCJn516Ksm\nD+8cP2sXmKxmEC9+Ze4rZf5ssoHXU0KkzUZBZcv9VgzObgB3MULYjewkaPUtCt4r\nz5tOF4+d1G9TFYj82TTqkXc2FFnUFtBAzDIl8A+GQmzoA5C2K+2anxx8oX1YgIvr\n2G7PhpcQyx4KIdLlYzBS0zcQ2wJQH0gE58W53aPi9C+qlgMfEh0sUKCn/p/G6JAH\nwp3zbyK5A+AVXOFHoSK9Y5tF/OBf9auwRz/xp+HVsqqQIo7x7TL0Ym5ofLQtCgtq\n+3NVE1eJLdI9tdKTueEDm9dmGOE6UDjlysR4vwp1HJBQn599Y2n4iAMz5sawQdQg\nrCiH6n2Pe5WUkFts20OWKeHo6mM7JOW6Oy+POvT4hddRnBL42C6lSX8q4k3lTf6v\nAQXBNAykHtT61f+NsDGzGfA06ekZwEwhrxG+TJt76/uiWo6gognAq6g+izCsp0kH\nifKC6YxEyuXqMuF9SBwU3sUSpTrGjNGvoHKSm+Z3No2VcqmRwtBhUFxK5ycCAwEA\nAQKCAgEAu6LlsHqBiYBJN9YMjSzWBn9xv+FWPhDlxdXimBNkBTrRDNGLneAaD0qG\n6dLtr3fjZ0gKKEIp2pzJ+L8UjKqv/mHvW5RJz7BKEJkdvHpvYZVg3vkVL+v3fiEN\nIby1pR7AaJVfgWi2c9OzNsPSu0atzbtqx1+SRtwLcnCo04Lqs8wk0iYcjlaKRELZ\nO01sBHxRiBY/WtLdrWrC1L2qK3iqAXSCY5KpbLsD1P9StWEM5qG/AlqfXcgt9juz\nJoR77rXdZ/ti8LDkTkXNpKPGwVPCnVUpD2qhHLmgeoi7MFFNGfjdo0aQ2uMexkvK\n/jsz465SMwg1pSTG0mOCP6u9Kq8NNpQSazcUPiB8Jt+9fYFqFs9B1hsHza6jVBEZ\nTEEmVMih106sBFtEe4ZaxFIokxbC0WW71ofLvFFqiV2APpcz5Lzy5olqu8C4e81V\nVP+Gah1Za5IpiTLiu+cBB+lcfHWlBEtmdRiuuVhxXxjpwpwT1CXLOiYvJ6O6QJNI\nmg6ketT7wSysCDwn0tVR+JTBZDG4bsfcIAz3qahEeARCbNuiT7SKuwplYP0d2ebp\ncyuLJsr9KDbMsuRap8ZV2aBc9k0iAcdk62L3CjYtaPXpJg166epEuzBcS0XCylNf\nSPzKj2JRnMYnW9Fxg+/vOoH1AnkEOYh9Z+FL7bp8kuBf+vbiR2ECggEBAPx9mmGv\njxwfNpKm9gCOvNCsW0ZsCQTSF0W9Dz8GoV9xlqHxRfUbFmt48lNUp4RN1qIyKQAU\njZ8gXiwh91g5CoX/KAQ6ckiS4U8Pj0YnIFAZKxkt675FSk+etQRv/a8opXJ9b503\n9fOegiA7zcM/WtT1lQkGnqzdbM9U3spRTXpUociIEzjEj2DsV5OCmq5b/ZwU7byz\ny2wtUhtei1i6Xt7Zz9ZyMcLVurimwD3Izj8Ch9rUrBeNnN0LWViIjj1lqxAshvRU\n09udxaWongZKfJUx24QVc4kWnOe6owt7tJ/6WS0owhR46n7O5haVQ5BgYnjE7IIE\neV/hbcG7N60WcrcCggEBAOYRPIdM0JpW4PglT+XgbZG1nF3g+S8VlkEALog1ER4o\n5dRSssjequdcLjDd8JleZ340h9SBQmL8ppgC9Jw2iqG+0Wmr2e7y3hruOLEsW6S/\nb8oSxTdumH3Fzgz4uAwbywFsjj5ttMzMGG2jovxP8Vpjo18+xto+Kq9CBv6eM+Sc\ncwPneeTWTaKVocv9MDkJGbfwLwRAFzxaC79g6Fy9TFEF0RMO+hhSIfnDK9LGovL2\nKB4VcwX9knlCaq6xdSs1AQ3QFnUIA4ayzhch4j7pwdbNtPsircrS7ylbg+zzho+e\n1jNFa+QWxw+3Q1XXBa+O0GZMlmrM2AU+T5BJS22//xECggEAC5e0u+F0n6TrO4aA\n6vuiva38LtqM+3St7tzEU295f0lW0i6iuKM6v0p5TcwoONHeFepZqZBIBFNXH42b\nrqhHzGkvrCoGz0A3Kgsb1+u59xOAwBI0rbK+u7McuoxtyFoEZqJNupk0KLBRZyt3\nwgwpnnd8FUMBjAxKj6Zk6EMdXI2ANBXTVBrqPlf7mWE4uuKsXTs0wyI6J8hY6brI\niRVdf7veaAksMbbgcNPvJacPmSMDm8+B6z7sQdXgj0kNxtHhLcftllBCveWbioSY\nZM+MssjsPD9D47pvD9Co5cETRPkYmRMy/f+jPJlBRS4rQPi77LGV7k5ISFewU2HG\nJ6NNNwKCAQEA1aRH6vR/+fKXcpdjfHpOBTL6g4r4mqqXHsFGdKGixbkAw4wQDcwI\nNFQ7aJGQbTtnK6EoSUPHHBi1sw97itxzHAQQfupgtC2/5o41AwHIEFLdQm7vyKvg\n21qmHxGQB15/w1DFPl+tt0gHnziHj3nFDETeXwHyspNsG9dam3LZiX9mpsd7P+9p\npIMC/mSdNTmoMlDNuEqzyQ1tP0iEPipjBhI6tlIAGDmc50xAE7j1dFz1oAoXCAcS\nz5vHaXXM8lSEKAmF8SOB8sFz87M5X2a+4/OeDl+Dt4btJCChf5Yc7J15F59tsx8b\ntxJdawcDdqVODNEuFPsn1qaoR7poWwAhoQKCAQBxQRR8Y6T/GpUBBvHFhgyCDZwR\n/lp377BDrTI7ck5alcroscM9hG4PBYCPKoESYxHFp5wvm5cKC8Epei68E3tn8/38\nWIzm41B8F3L9vCsO0WUNJFWML+WM6z0/YxHECKmfDgnYG9J9jmqzuihrlWshDylv\n1/Q/fJTucbRduIoTQ23FfA0ovbr2tmuqr0q+MWYnztBN1KyoQp681/cBdWiHCOCI\ncA6aim1bDefYiIo0J4/BC+6Nr7TeVjpOd/PmIzgHfk5w/fm3cCzvnPQqh2UQxKdX\nT/2ylmNJ3FmTYZnvHmpBz6dxxVy2THfI560Y28wDbvfGYrBJxFtaUWds9o2o\n-----END RSA PRIVATE KEY-----\n",
            "content_base64": null,
            "directory_permission": "0777",
            "file_permission": "0777",
            "filename": "terraform_key",
            "id": "f32d3e0a46c6081012fbd46fd9c477bd3fe077f6",
            "sensitive_content": null,
            "source": null
          },
          "sensitive_attributes": [
            [
              {
                "type": "get_attr",
                "value": "content"
              }
            ]
          ],
          "dependencies": [
            "module.compute.tls_private_key.rsa"
          ]
        }
      ]
    },
    {
      "module": "module.compute",
      "mode": "managed",
      "type": "tls_private_key",
      "name": "rsa",
      "provider": "provider[\"registry.terraform.io/hashicorp/tls\"]",
      "instances": [
        {
          "schema_version": 1,
          "attributes": {
            "algorithm": "RSA",
            "ecdsa_curve": "P224",
            "id": "6f0be9a84de56f3fb9b3185b52d41dcce87ac0c2",
            "private_key_openssh": "-----BEGIN OPENSSH PRIVATE KEY-----\nb3BlbnNzaC1rZXktdjEAAAAABG5vbmUAAAAEbm9uZQAAAAAAAAABAAACFwAAAAdz\nc2gtcnNhAAAAAwEAAQAAAgEA4unYveZlkom2me2bbOfX2BS15zIH7H7wUMa+gOeQ\nXmVk6f6Oem59n5a+dUh+pgNi6xqPQdGrP4ssHSkeK4p5OorcfQxcBUggniHJXxPw\nUR8lg4kcV9mtY78vaFqem4B2i/nvW1ikfL0oWUHo27kD1T7TMqyqLwhBB+m4BMeC\nJn516KsmD+8cP2sXmKxmEC9+Ze4rZf5ssoHXU0KkzUZBZcv9VgzObgB3MULYjewk\naPUtCt4rz5tOF4+d1G9TFYj82TTqkXc2FFnUFtBAzDIl8A+GQmzoA5C2K+2anxx8\noX1YgIvr2G7PhpcQyx4KIdLlYzBS0zcQ2wJQH0gE58W53aPi9C+qlgMfEh0sUKCn\n/p/G6JAHwp3zbyK5A+AVXOFHoSK9Y5tF/OBf9auwRz/xp+HVsqqQIo7x7TL0Ym5o\nfLQtCgtq+3NVE1eJLdI9tdKTueEDm9dmGOE6UDjlysR4vwp1HJBQn599Y2n4iAMz\n5sawQdQgrCiH6n2Pe5WUkFts20OWKeHo6mM7JOW6Oy+POvT4hddRnBL42C6lSX8q\n4k3lTf6vAQXBNAykHtT61f+NsDGzGfA06ekZwEwhrxG+TJt76/uiWo6gognAq6g+\nizCsp0kHifKC6YxEyuXqMuF9SBwU3sUSpTrGjNGvoHKSm+Z3No2VcqmRwtBhUFxK\n5ycAAAc4yF9saMhfbGgAAAAHc3NoLXJzYQAAAgEA4unYveZlkom2me2bbOfX2BS1\n5zIH7H7wUMa+gOeQXmVk6f6Oem59n5a+dUh+pgNi6xqPQdGrP4ssHSkeK4p5Oorc\nfQxcBUggniHJXxPwUR8lg4kcV9mtY78vaFqem4B2i/nvW1ikfL0oWUHo27kD1T7T\nMqyqLwhBB+m4BMeCJn516KsmD+8cP2sXmKxmEC9+Ze4rZf5ssoHXU0KkzUZBZcv9\nVgzObgB3MULYjewkaPUtCt4rz5tOF4+d1G9TFYj82TTqkXc2FFnUFtBAzDIl8A+G\nQmzoA5C2K+2anxx8oX1YgIvr2G7PhpcQyx4KIdLlYzBS0zcQ2wJQH0gE58W53aPi\n9C+qlgMfEh0sUKCn/p/G6JAHwp3zbyK5A+AVXOFHoSK9Y5tF/OBf9auwRz/xp+HV\nsqqQIo7x7TL0Ym5ofLQtCgtq+3NVE1eJLdI9tdKTueEDm9dmGOE6UDjlysR4vwp1\nHJBQn599Y2n4iAMz5sawQdQgrCiH6n2Pe5WUkFts20OWKeHo6mM7JOW6Oy+POvT4\nhddRnBL42C6lSX8q4k3lTf6vAQXBNAykHtT61f+NsDGzGfA06ekZwEwhrxG+TJt7\n6/uiWo6gognAq6g+izCsp0kHifKC6YxEyuXqMuF9SBwU3sUSpTrGjNGvoHKSm+Z3\nNo2VcqmRwtBhUFxK5ycAAAADAQABAAACAQC7ouWweoGJgEk31gyNLNYGf3G/4VY+\nEOXF1eKYE2QFOtEM0Yud4BoPSobp0u2vd+NnSAooQinanMn4vxSMqq/+Ye9blEnP\nsEoQmR28em9hlWDe+RUv6/d+IQ0hvLWlHsBolV+BaLZz07M2w9K7Rq3Nu2rHX5JG\n3AtycKjTguqzzCTSJhyOVopEQtk7TWwEfFGIFj9a0t2tasLUvaoreKoBdIJjkqls\nuwPU/1K1YQzmob8CWp9dyC32O7MmhHvutd1n+2LwsORORc2ko8bBU8KdVSkPaqEc\nuaB6iLswUU0Z+N2jRpDa4x7GS8r+OzPjrlIzCDWlJMbSY4I/q70qrw02lBJrNxQ+\nIHwm3719gWoWz0HWGwfNrqNUERlMQSZUyKHXTqwEW0R7hlrEUiiTFsLRZbvWh8u8\nUWqJXYA+lzPkvPLmiWq7wLh7zVVU/4ZqHVlrkimJMuK75wEH6Vx8daUES2Z1GK65\nWHFfGOnCnBPUJcs6Ji8no7pAk0iaDqR61PvBLKwIPCfS1VH4lMFkMbhux9wgDPep\nqER4BEJs26JPtIq7CmVg/R3Z5ulzK4smyv0oNsyy5FqnxlXZoFz2TSIBx2TrYvcK\nNi1o9ekmDXrp6kS7MFxLRcLKU19I/MqPYlGcxidb0XGD7+86gfUCeQQ5iH1n4Uvt\nunyS4F/69uJHYQAAAQBxQRR8Y6T/GpUBBvHFhgyCDZwR/lp377BDrTI7ck5alcro\nscM9hG4PBYCPKoESYxHFp5wvm5cKC8Epei68E3tn8/38WIzm41B8F3L9vCsO0WUN\nJFWML+WM6z0/YxHECKmfDgnYG9J9jmqzuihrlWshDylv1/Q/fJTucbRduIoTQ23F\nfA0ovbr2tmuqr0q+MWYnztBN1KyoQp681/cBdWiHCOCIcA6aim1bDefYiIo0J4/B\nC+6Nr7TeVjpOd/PmIzgHfk5w/fm3cCzvnPQqh2UQxKdXT/2ylmNJ3FmTYZnvHmpB\nz6dxxVy2THfI560Y28wDbvfGYrBJxFtaUWds9o2oAAABAQD8fZphr48cHzaSpvYA\njrzQrFtGbAkE0hdFvQ8/BqFfcZah8UX1GxZrePJTVKeETdaiMikAFI2fIF4sIfdY\nOQqF/ygEOnJIkuFPD49GJyBQGSsZLeu+RUpPnrUEb/2vKKVyfW+dN/XznoIgO83D\nP1rU9ZUJBp6s3WzPVN7KUU16VKHIiBM4xI9g7FeTgpquW/2cFO28s8tsLVIbXotY\nul7e2c/WcjHC1bq4psA9yM4/Aofa1KwXjZzdC1lYiI49ZasQLIb0VNPbncWlqJ4G\nSnyVMduEFXOJFpznuqMLe7Sf+lktKMIUeOp+zuYWlUOQYGJ4xOyCBHlf4W3Buzet\nFnK3AAABAQDmETyHTNCaVuD4JU/l4G2RtZxd4PkvFZZBAC6INREeKOXUUrLI3qrn\nXC4w3fCZXmd+NIfUgUJi/KaYAvScNoqhvtFpq9nu8t4a7jixLFukv2/KEsU3bph9\nxc4M+LgMG8sBbI4+bbTMzBhto6L8T/FaY6NfPsbaPiqvQgb+njPknHMD53nk1k2i\nlaHL/TA5CRm38C8EQBc8Wgu/YOhcvUxRBdETDvoYUiH5wyvSxqLy9igeFXMF/ZJ5\nQmqusXUrNQEN0BZ1CAOGss4XIeI+6cHWzbT7Iq3K0u8pW4Ps84aPntYzRWvkFscP\nt0NV1wWvjtBmTJZqzNgFPk+QSUttv/8RAAAAAAEC\n-----END OPENSSH PRIVATE KEY-----\n",
            "private_key_pem": "-----BEGIN RSA PRIVATE KEY-----\nMIIJKQIBAAKCAgEA4unYveZlkom2me2bbOfX2BS15zIH7H7wUMa+gOeQXmVk6f6O\nem59n5a+dUh+pgNi6xqPQdGrP4ssHSkeK4p5OorcfQxcBUggniHJXxPwUR8lg4kc\nV9mtY78vaFqem4B2i/nvW1ikfL0oWUHo27kD1T7TMqyqLwhBB+m4BMeCJn516Ksm\nD+8cP2sXmKxmEC9+Ze4rZf5ssoHXU0KkzUZBZcv9VgzObgB3MULYjewkaPUtCt4r\nz5tOF4+d1G9TFYj82TTqkXc2FFnUFtBAzDIl8A+GQmzoA5C2K+2anxx8oX1YgIvr\n2G7PhpcQyx4KIdLlYzBS0zcQ2wJQH0gE58W53aPi9C+qlgMfEh0sUKCn/p/G6JAH\nwp3zbyK5A+AVXOFHoSK9Y5tF/OBf9auwRz/xp+HVsqqQIo7x7TL0Ym5ofLQtCgtq\n+3NVE1eJLdI9tdKTueEDm9dmGOE6UDjlysR4vwp1HJBQn599Y2n4iAMz5sawQdQg\nrCiH6n2Pe5WUkFts20OWKeHo6mM7JOW6Oy+POvT4hddRnBL42C6lSX8q4k3lTf6v\nAQXBNAykHtT61f+NsDGzGfA06ekZwEwhrxG+TJt76/uiWo6gognAq6g+izCsp0kH\nifKC6YxEyuXqMuF9SBwU3sUSpTrGjNGvoHKSm+Z3No2VcqmRwtBhUFxK5ycCAwEA\nAQKCAgEAu6LlsHqBiYBJN9YMjSzWBn9xv+FWPhDlxdXimBNkBTrRDNGLneAaD0qG\n6dLtr3fjZ0gKKEIp2pzJ+L8UjKqv/mHvW5RJz7BKEJkdvHpvYZVg3vkVL+v3fiEN\nIby1pR7AaJVfgWi2c9OzNsPSu0atzbtqx1+SRtwLcnCo04Lqs8wk0iYcjlaKRELZ\nO01sBHxRiBY/WtLdrWrC1L2qK3iqAXSCY5KpbLsD1P9StWEM5qG/AlqfXcgt9juz\nJoR77rXdZ/ti8LDkTkXNpKPGwVPCnVUpD2qhHLmgeoi7MFFNGfjdo0aQ2uMexkvK\n/jsz465SMwg1pSTG0mOCP6u9Kq8NNpQSazcUPiB8Jt+9fYFqFs9B1hsHza6jVBEZ\nTEEmVMih106sBFtEe4ZaxFIokxbC0WW71ofLvFFqiV2APpcz5Lzy5olqu8C4e81V\nVP+Gah1Za5IpiTLiu+cBB+lcfHWlBEtmdRiuuVhxXxjpwpwT1CXLOiYvJ6O6QJNI\nmg6ketT7wSysCDwn0tVR+JTBZDG4bsfcIAz3qahEeARCbNuiT7SKuwplYP0d2ebp\ncyuLJsr9KDbMsuRap8ZV2aBc9k0iAcdk62L3CjYtaPXpJg166epEuzBcS0XCylNf\nSPzKj2JRnMYnW9Fxg+/vOoH1AnkEOYh9Z+FL7bp8kuBf+vbiR2ECggEBAPx9mmGv\njxwfNpKm9gCOvNCsW0ZsCQTSF0W9Dz8GoV9xlqHxRfUbFmt48lNUp4RN1qIyKQAU\njZ8gXiwh91g5CoX/KAQ6ckiS4U8Pj0YnIFAZKxkt675FSk+etQRv/a8opXJ9b503\n9fOegiA7zcM/WtT1lQkGnqzdbM9U3spRTXpUociIEzjEj2DsV5OCmq5b/ZwU7byz\ny2wtUhtei1i6Xt7Zz9ZyMcLVurimwD3Izj8Ch9rUrBeNnN0LWViIjj1lqxAshvRU\n09udxaWongZKfJUx24QVc4kWnOe6owt7tJ/6WS0owhR46n7O5haVQ5BgYnjE7IIE\neV/hbcG7N60WcrcCggEBAOYRPIdM0JpW4PglT+XgbZG1nF3g+S8VlkEALog1ER4o\n5dRSssjequdcLjDd8JleZ340h9SBQmL8ppgC9Jw2iqG+0Wmr2e7y3hruOLEsW6S/\nb8oSxTdumH3Fzgz4uAwbywFsjj5ttMzMGG2jovxP8Vpjo18+xto+Kq9CBv6eM+Sc\ncwPneeTWTaKVocv9MDkJGbfwLwRAFzxaC79g6Fy9TFEF0RMO+hhSIfnDK9LGovL2\nKB4VcwX9knlCaq6xdSs1AQ3QFnUIA4ayzhch4j7pwdbNtPsircrS7ylbg+zzho+e\n1jNFa+QWxw+3Q1XXBa+O0GZMlmrM2AU+T5BJS22//xECggEAC5e0u+F0n6TrO4aA\n6vuiva38LtqM+3St7tzEU295f0lW0i6iuKM6v0p5TcwoONHeFepZqZBIBFNXH42b\nrqhHzGkvrCoGz0A3Kgsb1+u59xOAwBI0rbK+u7McuoxtyFoEZqJNupk0KLBRZyt3\nwgwpnnd8FUMBjAxKj6Zk6EMdXI2ANBXTVBrqPlf7mWE4uuKsXTs0wyI6J8hY6brI\niRVdf7veaAksMbbgcNPvJacPmSMDm8+B6z7sQdXgj0kNxtHhLcftllBCveWbioSY\nZM+MssjsPD9D47pvD9Co5cETRPkYmRMy/f+jPJlBRS4rQPi77LGV7k5ISFewU2HG\nJ6NNNwKCAQEA1aRH6vR/+fKXcpdjfHpOBTL6g4r4mqqXHsFGdKGixbkAw4wQDcwI\nNFQ7aJGQbTtnK6EoSUPHHBi1sw97itxzHAQQfupgtC2/5o41AwHIEFLdQm7vyKvg\n21qmHxGQB15/w1DFPl+tt0gHnziHj3nFDETeXwHyspNsG9dam3LZiX9mpsd7P+9p\npIMC/mSdNTmoMlDNuEqzyQ1tP0iEPipjBhI6tlIAGDmc50xAE7j1dFz1oAoXCAcS\nz5vHaXXM8lSEKAmF8SOB8sFz87M5X2a+4/OeDl+Dt4btJCChf5Yc7J15F59tsx8b\ntxJdawcDdqVODNEuFPsn1qaoR7poWwAhoQKCAQBxQRR8Y6T/GpUBBvHFhgyCDZwR\n/lp377BDrTI7ck5alcroscM9hG4PBYCPKoESYxHFp5wvm5cKC8Epei68E3tn8/38\nWIzm41B8F3L9vCsO0WUNJFWML+WM6z0/YxHECKmfDgnYG9J9jmqzuihrlWshDylv\n1/Q/fJTucbRduIoTQ23FfA0ovbr2tmuqr0q+MWYnztBN1KyoQp681/cBdWiHCOCI\ncA6aim1bDefYiIo0J4/BC+6Nr7TeVjpOd/PmIzgHfk5w/fm3cCzvnPQqh2UQxKdX\nT/2ylmNJ3FmTYZnvHmpBz6dxxVy2THfI560Y28wDbvfGYrBJxFtaUWds9o2o\n-----END RSA PRIVATE KEY-----\n",
            "private_key_pem_pkcs8": "-----BEGIN PRIVATE KEY-----\nMIIJQwIBADANBgkqhkiG9w0BAQEFAASCCS0wggkpAgEAAoICAQDi6di95mWSibaZ\n7Zts59fYFLXnMgfsfvBQxr6A55BeZWTp/o56bn2flr51SH6mA2LrGo9B0as/iywd\nKR4rink6itx9DFwFSCCeIclfE/BRHyWDiRxX2a1jvy9oWp6bgHaL+e9bWKR8vShZ\nQejbuQPVPtMyrKovCEEH6bgEx4ImfnXoqyYP7xw/axeYrGYQL35l7itl/myygddT\nQqTNRkFly/1WDM5uAHcxQtiN7CRo9S0K3ivPm04Xj53Ub1MViPzZNOqRdzYUWdQW\n0EDMMiXwD4ZCbOgDkLYr7ZqfHHyhfViAi+vYbs+GlxDLHgoh0uVjMFLTNxDbAlAf\nSATnxbndo+L0L6qWAx8SHSxQoKf+n8bokAfCnfNvIrkD4BVc4UehIr1jm0X84F/1\nq7BHP/Gn4dWyqpAijvHtMvRibmh8tC0KC2r7c1UTV4kt0j210pO54QOb12YY4TpQ\nOOXKxHi/CnUckFCfn31jafiIAzPmxrBB1CCsKIfqfY97lZSQW2zbQ5Yp4ejqYzsk\n5bo7L4869PiF11GcEvjYLqVJfyriTeVN/q8BBcE0DKQe1PrV/42wMbMZ8DTp6RnA\nTCGvEb5Mm3vr+6JajqCiCcCrqD6LMKynSQeJ8oLpjETK5eoy4X1IHBTexRKlOsaM\n0a+gcpKb5nc2jZVyqZHC0GFQXErnJwIDAQABAoICAQC7ouWweoGJgEk31gyNLNYG\nf3G/4VY+EOXF1eKYE2QFOtEM0Yud4BoPSobp0u2vd+NnSAooQinanMn4vxSMqq/+\nYe9blEnPsEoQmR28em9hlWDe+RUv6/d+IQ0hvLWlHsBolV+BaLZz07M2w9K7Rq3N\nu2rHX5JG3AtycKjTguqzzCTSJhyOVopEQtk7TWwEfFGIFj9a0t2tasLUvaoreKoB\ndIJjkqlsuwPU/1K1YQzmob8CWp9dyC32O7MmhHvutd1n+2LwsORORc2ko8bBU8Kd\nVSkPaqEcuaB6iLswUU0Z+N2jRpDa4x7GS8r+OzPjrlIzCDWlJMbSY4I/q70qrw02\nlBJrNxQ+IHwm3719gWoWz0HWGwfNrqNUERlMQSZUyKHXTqwEW0R7hlrEUiiTFsLR\nZbvWh8u8UWqJXYA+lzPkvPLmiWq7wLh7zVVU/4ZqHVlrkimJMuK75wEH6Vx8daUE\nS2Z1GK65WHFfGOnCnBPUJcs6Ji8no7pAk0iaDqR61PvBLKwIPCfS1VH4lMFkMbhu\nx9wgDPepqER4BEJs26JPtIq7CmVg/R3Z5ulzK4smyv0oNsyy5FqnxlXZoFz2TSIB\nx2TrYvcKNi1o9ekmDXrp6kS7MFxLRcLKU19I/MqPYlGcxidb0XGD7+86gfUCeQQ5\niH1n4UvtunyS4F/69uJHYQKCAQEA/H2aYa+PHB82kqb2AI680KxbRmwJBNIXRb0P\nPwahX3GWofFF9RsWa3jyU1SnhE3WojIpABSNnyBeLCH3WDkKhf8oBDpySJLhTw+P\nRicgUBkrGS3rvkVKT561BG/9ryilcn1vnTf1856CIDvNwz9a1PWVCQaerN1sz1Te\nylFNelShyIgTOMSPYOxXk4Karlv9nBTtvLPLbC1SG16LWLpe3tnP1nIxwtW6uKbA\nPcjOPwKH2tSsF42c3QtZWIiOPWWrECyG9FTT253FpaieBkp8lTHbhBVziRac57qj\nC3u0n/pZLSjCFHjqfs7mFpVDkGBieMTsggR5X+Ftwbs3rRZytwKCAQEA5hE8h0zQ\nmlbg+CVP5eBtkbWcXeD5LxWWQQAuiDURHijl1FKyyN6q51wuMN3wmV5nfjSH1IFC\nYvymmAL0nDaKob7RaavZ7vLeGu44sSxbpL9vyhLFN26YfcXODPi4DBvLAWyOPm20\nzMwYbaOi/E/xWmOjXz7G2j4qr0IG/p4z5JxzA+d55NZNopWhy/0wOQkZt/AvBEAX\nPFoLv2DoXL1MUQXREw76GFIh+cMr0sai8vYoHhVzBf2SeUJqrrF1KzUBDdAWdQgD\nhrLOFyHiPunB1s20+yKtytLvKVuD7POGj57WM0Vr5BbHD7dDVdcFr47QZkyWaszY\nBT5PkElLbb//EQKCAQALl7S74XSfpOs7hoDq+6K9rfwu2oz7dK3u3MRTb3l/SVbS\nLqK4ozq/SnlNzCg40d4V6lmpkEgEU1cfjZuuqEfMaS+sKgbPQDcqCxvX67n3E4DA\nEjStsr67sxy6jG3IWgRmok26mTQosFFnK3fCDCmed3wVQwGMDEqPpmToQx1cjYA0\nFdNUGuo+V/uZYTi64qxdOzTDIjonyFjpusiJFV1/u95oCSwxtuBw0+8lpw+ZIwOb\nz4HrPuxB1eCPSQ3G0eEtx+2WUEK95ZuKhJhkz4yyyOw8P0Pjum8P0KjlwRNE+RiZ\nEzL9/6M8mUFFLitA+LvssZXuTkhIV7BTYcYno003AoIBAQDVpEfq9H/58pdyl2N8\nek4FMvqDiviaqpcewUZ0oaLFuQDDjBANzAg0VDtokZBtO2croShJQ8ccGLWzD3uK\n3HMcBBB+6mC0Lb/mjjUDAcgQUt1Cbu/Iq+DbWqYfEZAHXn/DUMU+X623SAefOIeP\necUMRN5fAfKyk2wb11qbctmJf2amx3s/72mkgwL+ZJ01OagyUM24SrPJDW0/SIQ+\nKmMGEjq2UgAYOZznTEATuPV0XPWgChcIBxLPm8dpdczyVIQoCYXxI4HywXPzszlf\nZr7j854OX4O3hu0kIKF/lhzsnXkXn22zHxu3El1rBwN2pU4M0S4U+yfWpqhHumhb\nACGhAoIBAHFBFHxjpP8alQEG8cWGDIINnBH+WnfvsEOtMjtyTlqVyuixwz2Ebg8F\ngI8qgRJjEcWnnC+blwoLwSl6LrwTe2fz/fxYjObjUHwXcv28Kw7RZQ0kVYwv5Yzr\nPT9jEcQIqZ8OCdgb0n2OarO6KGuVayEPKW/X9D98lO5xtF24ihNDbcV8DSi9uva2\na6qvSr4xZifO0E3UrKhCnrzX9wF1aIcI4IhwDpqKbVsN59iIijQnj8EL7o2vtN5W\nOk538+YjOAd+TnD9+bdwLO+c9CqHZRDEp1dP/bKWY0ncWZNhme8eakHPp3HFXLZM\nd8jnrRjbzANu98ZisEnEW1pRZ2z2jag=\n-----END PRIVATE KEY-----\n",
            "public_key_fingerprint_md5": "34:61:83:6a:9c:64:82:f6:56:52:9d:4e:07:df:01:d5",
            "public_key_fingerprint_sha256": "SHA256:uvaTUEju5oW64Q4rRVgcvk5egiJueAk5vOCvYtQ6wvE",
            "public_key_openssh": "ssh-rsa AAAAB3NzaC1yc2EAAAADAQABAAACAQDi6di95mWSibaZ7Zts59fYFLXnMgfsfvBQxr6A55BeZWTp/o56bn2flr51SH6mA2LrGo9B0as/iywdKR4rink6itx9DFwFSCCeIclfE/BRHyWDiRxX2a1jvy9oWp6bgHaL+e9bWKR8vShZQejbuQPVPtMyrKovCEEH6bgEx4ImfnXoqyYP7xw/axeYrGYQL35l7itl/myygddTQqTNRkFly/1WDM5uAHcxQtiN7CRo9S0K3ivPm04Xj53Ub1MViPzZNOqRdzYUWdQW0EDMMiXwD4ZCbOgDkLYr7ZqfHHyhfViAi+vYbs+GlxDLHgoh0uVjMFLTNxDbAlAfSATnxbndo+L0L6qWAx8SHSxQoKf+n8bokAfCnfNvIrkD4BVc4UehIr1jm0X84F/1q7BHP/Gn4dWyqpAijvHtMvRibmh8tC0KC2r7c1UTV4kt0j210pO54QOb12YY4TpQOOXKxHi/CnUckFCfn31jafiIAzPmxrBB1CCsKIfqfY97lZSQW2zbQ5Yp4ejqYzsk5bo7L4869PiF11GcEvjYLqVJfyriTeVN/q8BBcE0DKQe1PrV/42wMbMZ8DTp6RnATCGvEb5Mm3vr+6JajqCiCcCrqD6LMKynSQeJ8oLpjETK5eoy4X1IHBTexRKlOsaM0a+gcpKb5nc2jZVyqZHC0GFQXErnJw==\n",
            "public_key_pem": "-----BEGIN PUBLIC KEY-----\nMIICIjANBgkqhkiG9w0BAQEFAAOCAg8AMIICCgKCAgEA4unYveZlkom2me2bbOfX\n2BS15zIH7H7wUMa+gOeQXmVk6f6Oem59n5a+dUh+pgNi6xqPQdGrP4ssHSkeK4p5\nOorcfQxcBUggniHJXxPwUR8lg4kcV9mtY78vaFqem4B2i/nvW1ikfL0oWUHo27kD\n1T7TMqyqLwhBB+m4BMeCJn516KsmD+8cP2sXmKxmEC9+Ze4rZf5ssoHXU0KkzUZB\nZcv9VgzObgB3MULYjewkaPUtCt4rz5tOF4+d1G9TFYj82TTqkXc2FFnUFtBAzDIl\n8A+GQmzoA5C2K+2anxx8oX1YgIvr2G7PhpcQyx4KIdLlYzBS0zcQ2wJQH0gE58W5\n3aPi9C+qlgMfEh0sUKCn/p/G6JAHwp3zbyK5A+AVXOFHoSK9Y5tF/OBf9auwRz/x\np+HVsqqQIo7x7TL0Ym5ofLQtCgtq+3NVE1eJLdI9tdKTueEDm9dmGOE6UDjlysR4\nvwp1HJBQn599Y2n4iAMz5sawQdQgrCiH6n2Pe5WUkFts20OWKeHo6mM7JOW6Oy+P\nOvT4hddRnBL42C6lSX8q4k3lTf6vAQXBNAykHtT61f+NsDGzGfA06ekZwEwhrxG+\nTJt76/uiWo6gognAq6g+izCsp0kHifKC6YxEyuXqMuF9SBwU3sUSpTrGjNGvoHKS\nm+Z3No2VcqmRwtBhUFxK5ycCAwEAAQ==\n-----END PUBLIC KEY-----\n",
            "rsa_bits": 4096
          },
          "sensitive_attributes": []
        }
      ]
    },
    {
      "module": "module.network",
      "mode": "managed",
      "type": "aws_internet_gateway",
      "name": "gw",
      "provider": "provider[\"registry.terraform.io/hashicorp/aws\"]",
      "instances": [
        {
          "schema_version": 0,
          "attributes": {
            "arn": "arn:aws:ec2:us-east-1:422097883691:internet-gateway/igw-0061a43f158ef4bfd",
            "id": "igw-0061a43f158ef4bfd",
            "owner_id": "422097883691",
            "tags": {
              "Name": "terraform-IGW"
            },
            "tags_all": {
              "Name": "terraform-IGW"
            },
            "timeouts": null,
            "vpc_id": "vpc-015b4acf410b0c9cd"
          },
          "sensitive_attributes": [],
          "private": "eyJlMmJmYjczMC1lY2FhLTExZTYtOGY4OC0zNDM2M2JjN2M0YzAiOnsiY3JlYXRlIjoxMjAwMDAwMDAwMDAwLCJkZWxldGUiOjEyMDAwMDAwMDAwMDAsInVwZGF0ZSI6MTIwMDAwMDAwMDAwMH19",
          "dependencies": [
            "module.network.aws_vpc.terraform_vpc"
          ]
        }
      ]
    },
    {
      "module": "module.network",
      "mode": "managed",
      "type": "aws_route",
      "name": "public-R",
      "provider": "provider[\"registry.terraform.io/hashicorp/aws\"]",
      "instances": [
        {
          "schema_version": 0,
          "attributes": {
            "carrier_gateway_id": "",
            "core_network_arn": "",
            "destination_cidr_block": "0.0.0.0/0",
            "destination_ipv6_cidr_block": "",
            "destination_prefix_list_id": "",
            "egress_only_gateway_id": "",
            "gateway_id": "igw-0061a43f158ef4bfd",
            "id": "r-rtb-0197b73a53bafff5b1080289494",
            "instance_id": "",
            "instance_owner_id": "",
            "local_gateway_id": "",
            "nat_gateway_id": "",
            "network_interface_id": "",
            "origin": "CreateRoute",
            "route_table_id": "rtb-0197b73a53bafff5b",
            "state": "active",
            "timeouts": null,
            "transit_gateway_id": "",
            "vpc_endpoint_id": "",
            "vpc_peering_connection_id": ""
          },
          "sensitive_attributes": [],
          "private": "eyJlMmJmYjczMC1lY2FhLTExZTYtOGY4OC0zNDM2M2JjN2M0YzAiOnsiY3JlYXRlIjozMDAwMDAwMDAwMDAsImRlbGV0ZSI6MzAwMDAwMDAwMDAwLCJ1cGRhdGUiOjEyMDAwMDAwMDAwMH19",
          "dependencies": [
            "module.network.aws_internet_gateway.gw",
            "module.network.aws_route_table.public_RT",
            "module.network.aws_vpc.terraform_vpc"
          ]
        }
      ]
    },
    {
      "module": "module.network",
      "mode": "managed",
      "type": "aws_route_table",
      "name": "private_RT",
      "provider": "provider[\"registry.terraform.io/hashicorp/aws\"]",
      "instances": [
        {
          "schema_version": 0,
          "attributes": {
            "arn": "arn:aws:ec2:us-east-1:422097883691:route-table/rtb-056f8917868e34255",
            "id": "rtb-056f8917868e34255",
            "owner_id": "422097883691",
            "propagating_vgws": [],
            "route": [],
            "tags": null,
            "tags_all": {},
            "timeouts": null,
            "vpc_id": "vpc-015b4acf410b0c9cd"
          },
          "sensitive_attributes": [],
          "private": "eyJlMmJmYjczMC1lY2FhLTExZTYtOGY4OC0zNDM2M2JjN2M0YzAiOnsiY3JlYXRlIjozMDAwMDAwMDAwMDAsImRlbGV0ZSI6MzAwMDAwMDAwMDAwLCJ1cGRhdGUiOjEyMDAwMDAwMDAwMH19",
          "dependencies": [
            "module.network.aws_vpc.terraform_vpc"
          ]
        }
      ]
    },
    {
      "module": "module.network",
      "mode": "managed",
      "type": "aws_route_table",
      "name": "public_RT",
      "provider": "provider[\"registry.terraform.io/hashicorp/aws\"]",
      "instances": [
        {
          "schema_version": 0,
          "attributes": {
            "arn": "arn:aws:ec2:us-east-1:422097883691:route-table/rtb-0197b73a53bafff5b",
            "id": "rtb-0197b73a53bafff5b",
            "owner_id": "422097883691",
            "propagating_vgws": [],
            "route": [],
            "tags": null,
            "tags_all": {},
            "timeouts": null,
            "vpc_id": "vpc-015b4acf410b0c9cd"
          },
          "sensitive_attributes": [],
          "private": "eyJlMmJmYjczMC1lY2FhLTExZTYtOGY4OC0zNDM2M2JjN2M0YzAiOnsiY3JlYXRlIjozMDAwMDAwMDAwMDAsImRlbGV0ZSI6MzAwMDAwMDAwMDAwLCJ1cGRhdGUiOjEyMDAwMDAwMDAwMH19",
          "dependencies": [
            "module.network.aws_vpc.terraform_vpc"
          ]
        }
      ]
    },
    {
      "module": "module.network",
      "mode": "managed",
      "type": "aws_route_table_association",
      "name": "private_RTS",
      "provider": "provider[\"registry.terraform.io/hashicorp/aws\"]",
      "instances": [
        {
          "schema_version": 0,
          "attributes": {
            "gateway_id": "",
            "id": "rtbassoc-052c4a36fddcb9013",
            "route_table_id": "rtb-056f8917868e34255",
            "subnet_id": "subnet-0418192480a74c972"
          },
          "sensitive_attributes": [],
          "private": "bnVsbA==",
          "dependencies": [
            "module.network.aws_route_table.private_RT",
            "module.network.aws_subnet.private_subnet",
            "module.network.aws_vpc.terraform_vpc"
          ]
        }
      ]
    },
    {
      "module": "module.network",
      "mode": "managed",
      "type": "aws_route_table_association",
      "name": "public_RTS",
      "provider": "provider[\"registry.terraform.io/hashicorp/aws\"]",
      "instances": [
        {
          "schema_version": 0,
          "attributes": {
            "gateway_id": "",
            "id": "rtbassoc-07562b1b9e9e1b413",
            "route_table_id": "rtb-0197b73a53bafff5b",
            "subnet_id": "subnet-0baddc98ddc8e5a33"
          },
          "sensitive_attributes": [],
          "private": "bnVsbA==",
          "dependencies": [
            "module.network.aws_route_table.public_RT",
            "module.network.aws_subnet.public_subnet",
            "module.network.aws_vpc.terraform_vpc"
          ]
        }
      ]
    },
    {
      "module": "module.network",
      "mode": "managed",
      "type": "aws_subnet",
      "name": "private_subnet",
      "provider": "provider[\"registry.terraform.io/hashicorp/aws\"]",
      "instances": [
        {
          "schema_version": 1,
          "attributes": {
            "arn": "arn:aws:ec2:us-east-1:422097883691:subnet/subnet-0418192480a74c972",
            "assign_ipv6_address_on_creation": false,
            "availability_zone": "us-east-1d",
            "availability_zone_id": "use1-az1",
            "cidr_block": "10.0.2.0/24",
            "customer_owned_ipv4_pool": "",
            "enable_dns64": false,
            "enable_resource_name_dns_a_record_on_launch": false,
            "enable_resource_name_dns_aaaa_record_on_launch": false,
            "id": "subnet-0418192480a74c972",
            "ipv6_cidr_block": "",
            "ipv6_cidr_block_association_id": "",
            "ipv6_native": false,
            "map_customer_owned_ip_on_launch": false,
            "map_public_ip_on_launch": false,
            "outpost_arn": "",
            "owner_id": "422097883691",
            "private_dns_hostname_type_on_launch": "ip-name",
            "tags": {
              "Name": "terraform-private-subnet"
            },
            "tags_all": {
              "Name": "terraform-private-subnet"
            },
            "timeouts": null,
            "vpc_id": "vpc-015b4acf410b0c9cd"
          },
          "sensitive_attributes": [],
          "private": "eyJlMmJmYjczMC1lY2FhLTExZTYtOGY4OC0zNDM2M2JjN2M0YzAiOnsiY3JlYXRlIjo2MDAwMDAwMDAwMDAsImRlbGV0ZSI6MTIwMDAwMDAwMDAwMH0sInNjaGVtYV92ZXJzaW9uIjoiMSJ9",
          "dependencies": [
            "module.network.aws_vpc.terraform_vpc"
          ]
        }
      ]
    },
    {
      "module": "module.network",
      "mode": "managed",
      "type": "aws_subnet",
      "name": "public_subnet",
      "provider": "provider[\"registry.terraform.io/hashicorp/aws\"]",
      "instances": [
        {
          "schema_version": 1,
          "attributes": {
            "arn": "arn:aws:ec2:us-east-1:422097883691:subnet/subnet-0baddc98ddc8e5a33",
            "assign_ipv6_address_on_creation": false,
            "availability_zone": "us-east-1d",
            "availability_zone_id": "use1-az1",
            "cidr_block": "10.0.1.0/24",
            "customer_owned_ipv4_pool": "",
            "enable_dns64": false,
            "enable_resource_name_dns_a_record_on_launch": false,
            "enable_resource_name_dns_aaaa_record_on_launch": false,
            "id": "subnet-0baddc98ddc8e5a33",
            "ipv6_cidr_block": "",
            "ipv6_cidr_block_association_id": "",
            "ipv6_native": false,
            "map_customer_owned_ip_on_launch": false,
            "map_public_ip_on_launch": false,
            "outpost_arn": "",
            "owner_id": "422097883691",
            "private_dns_hostname_type_on_launch": "ip-name",
            "tags": {
              "Name": "terraform-public-subnet"
            },
            "tags_all": {
              "Name": "terraform-public-subnet"
            },
            "timeouts": null,
            "vpc_id": "vpc-015b4acf410b0c9cd"
          },
          "sensitive_attributes": [],
          "private": "eyJlMmJmYjczMC1lY2FhLTExZTYtOGY4OC0zNDM2M2JjN2M0YzAiOnsiY3JlYXRlIjo2MDAwMDAwMDAwMDAsImRlbGV0ZSI6MTIwMDAwMDAwMDAwMH0sInNjaGVtYV92ZXJzaW9uIjoiMSJ9",
          "dependencies": [
            "module.network.aws_vpc.terraform_vpc"
          ]
        }
      ]
    },
    {
      "module": "module.network",
      "mode": "managed",
      "type": "aws_vpc",
      "name": "terraform_vpc",
      "provider": "provider[\"registry.terraform.io/hashicorp/aws\"]",
      "instances": [
        {
          "schema_version": 1,
          "attributes": {
            "arn": "arn:aws:ec2:us-east-1:422097883691:vpc/vpc-015b4acf410b0c9cd",
            "assign_generated_ipv6_cidr_block": false,
            "cidr_block": "10.0.0.0/16",
            "default_network_acl_id": "acl-025db037a6cc019ca",
            "default_route_table_id": "rtb-0d0a1929bc105a6cd",
            "default_security_group_id": "sg-023b8af56d1c70adc",
            "dhcp_options_id": "dopt-05683ce2b1cafd275",
            "enable_classiclink": false,
            "enable_classiclink_dns_support": false,
            "enable_dns_hostnames": false,
            "enable_dns_support": true,
            "enable_network_address_usage_metrics": false,
            "id": "vpc-015b4acf410b0c9cd",
            "instance_tenancy": "default",
            "ipv4_ipam_pool_id": null,
            "ipv4_netmask_length": null,
            "ipv6_association_id": "",
            "ipv6_cidr_block": "",
            "ipv6_cidr_block_network_border_group": "",
            "ipv6_ipam_pool_id": "",
            "ipv6_netmask_length": 0,
            "main_route_table_id": "rtb-0d0a1929bc105a6cd",
            "owner_id": "422097883691",
            "tags": {
              "Name": "terraform-vpc"
            },
            "tags_all": {
              "Name": "terraform-vpc"
            }
          },
          "sensitive_attributes": [],
          "private": "eyJzY2hlbWFfdmVyc2lvbiI6IjEifQ=="
        }
      ]
    }
  ],
  "check_results": null
}
